github.com/mohithchintu/final_year_project_support v0.0.0-20250202190230-ebf58ca3154e h1:YxX1+LFmgNLQS8bE3O/B63pW7vhLmj8WmmaUd62cut0=
github.com/mohithchintu/final_year_project_support v0.0.0-20250202190230-ebf58ca3154e/go.mod h1:mLTw6ww4tCjwVNN/sUrKHt1NMK0K8il9IjhhzBmxhHQ=
github.com/mohithchintu/final_year_project_support v0.0.0-20250203052739-43af9b4020fa h1:H/K2ywtxaYsnupgcoWV4m3H5329OwVFo2Efj2AwE2Us=
github.com/mohithchintu/final_year_project_support v0.0.0-20250203052739-43af9b4020fa/go.mod h1:mLTw6ww4tCjwVNN/sUrKHt1NMK0K8il9IjhhzBmxhHQ=
